
Microsoft Visual Studio Solution File, Format Version 12.00
# Visual Studio Version 17
VisualStudioVersion = 17.7.34221.43
MinimumVisualStudioVersion = 10.0.40219.1
Project("{FAE04EC0-301F-11D3-BF4B-00C04F79EFBC}") = "Jym-back", "Jym-back\Jym-back.csproj", "{5407CF57-FB62-43BE-A575-DD35890D78DA}"
EndProject
Project("{FAE04EC0-301F-11D3-BF4B-00C04F79EFBC}") = "BLL", "BLL\BLL.csproj", "{A3647E50-1E1B-4A83-AC2F-B343BBB27B72}"
	ProjectSection(ProjectDependencies) = postProject
		{9C60DAA7-3A45-4EB3-9243-888BB7DC412B} = {9C60DAA7-3A45-4EB3-9243-888BB7DC412B}
	EndProjectSection
EndProject
Project("{FAE04EC0-301F-11D3-BF4B-00C04F79EFBC}") = "DAL", "DAL\DAL.csproj", "{9C60DAA7-3A45-4EB3-9243-888BB7DC412B}"
EndProject
Global
	GlobalSection(SolutionConfigurationPlatforms) = preSolution
		Debug|Any CPU = Debug|Any CPU
		Release|Any CPU = Release|Any CPU
	EndGlobalSection
	GlobalSection(ProjectConfigurationPlatforms) = postSolution
		{5407CF57-FB62-43BE-A575-DD35890D78DA}.Debug|Any CPU.ActiveCfg = Debug|Any CPU
		{5407CF57-FB62-43BE-A575-DD35890D78DA}.Debug|Any CPU.Build.0 = Debug|Any CPU
		{5407CF57-FB62-43BE-A575-DD35890D78DA}.Release|Any CPU.ActiveCfg = Release|Any CPU
		{5407CF57-FB62-43BE-A575-DD35890D78DA}.Release|Any CPU.Build.0 = Release|Any CPU
		{A3647E50-1E1B-4A83-AC2F-B343BBB27B72}.Debug|Any CPU.ActiveCfg = Debug|Any CPU
		{A3647E50-1E1B-4A83-AC2F-B343BBB27B72}.Debug|Any CPU.Build.0 = Debug|Any CPU
		{A3647E50-1E1B-4A83-AC2F-B343BBB27B72}.Release|Any CPU.ActiveCfg = Release|Any CPU
		{A3647E50-1E1B-4A83-AC2F-B343BBB27B72}.Release|Any CPU.Build.0 = Release|Any CPU
		{9C60DAA7-3A45-4EB3-9243-888BB7DC412B}.Debug|Any CPU.ActiveCfg = Debug|Any CPU
		{9C60DAA7-3A45-4EB3-9243-888BB7DC412B}.Debug|Any CPU.Build.0 = Debug|Any CPU
		{9C60DAA7-3A45-4EB3-9243-888BB7DC412B}.Release|Any CPU.ActiveCfg = Release|Any CPU
		{9C60DAA7-3A45-4EB3-9243-888BB7DC412B}.Release|Any CPU.Build.0 = Release|Any CPU
	EndGlobalSection
	GlobalSection(SolutionProperties) = preSolution
		HideSolutionNode = FALSE
	EndGlobalSection
	GlobalSection(ExtensibilityGlobals) = postSolution
		SolutionGuid = {E8C5FC63-7F55-48C5-AEC3-70F97DEF37B3}
	EndGlobalSection
EndGlobal
